
Microsoft Visual Studio Solution File, Format Version 12.00
# Visual Studio Version 17
VisualStudioVersion = 17.10.35027.167
MinimumVisualStudioVersion = 10.0.40219.1
Project("{FAE04EC0-301F-11D3-BF4B-00C04F79EFBC}") = "SistemaFinanceiro", "SistemaFinanceiro\SistemaFinanceiro.csproj", "{D5C07942-8BA5-4928-96CC-CC424A8445D8}"
EndProject
Global
	GlobalSection(SolutionConfigurationPlatforms) = preSolution
		Debug|Any CPU = Debug|Any CPU
		Release|Any CPU = Release|Any CPU
	EndGlobalSection
	GlobalSection(ProjectConfigurationPlatforms) = postSolution
		{D5C07942-8BA5-4928-96CC-CC424A8445D8}.Debug|Any CPU.ActiveCfg = Debug|Any CPU
		{D5C07942-8BA5-4928-96CC-CC424A8445D8}.Debug|Any CPU.Build.0 = Debug|Any CPU
		{D5C07942-8BA5-4928-96CC-CC424A8445D8}.Release|Any CPU.ActiveCfg = Release|Any CPU
		{D5C07942-8BA5-4928-96CC-CC424A8445D8}.Release|Any CPU.Build.0 = Release|Any CPU
	EndGlobalSection
	GlobalSection(SolutionProperties) = preSolution
		HideSolutionNode = FALSE
	EndGlobalSection
	GlobalSection(ExtensibilityGlobals) = postSolution
		SolutionGuid = {9C282AB9-EED8-4A76-81B9-245CABEF7A19}
	EndGlobalSection
EndGlobal
